
Microsoft Visual Studio Solution File, Format Version 12.00
# Visual Studio Version 17
VisualStudioVersion = 17.6.33801.468
MinimumVisualStudioVersion = 10.0.40219.1
Project("{9A19103F-16F7-4668-BE54-9A1E7A4F7556}") = "PstnBot.Web", "examples\P2P\P2pPstnBot\PstnBot.Web\PstnBot.Web.csproj", "{41B58F3B-9F6C-48C5-B2E1-420C64FC270F}"
EndProject
Project("{9A19103F-16F7-4668-BE54-9A1E7A4F7556}") = "GraphCallingBots.UnitTests", "EngineTests\UnitTests\GraphCallingBots.UnitTests.csproj", "{3F9E66BE-A0E1-4A51-8FA6-18AC9188A420}"
EndProject
Project("{9A19103F-16F7-4668-BE54-9A1E7A4F7556}") = "GraphCallingBots", "lib\ServiceHostedMediaCallingBot.Engine\GraphCallingBots.csproj", "{2BCCDA31-DB8C-48C4-917B-91A6652B446E}"
EndProject
Project("{2150E333-8FDC-42A3-9474-1A3956D46DE8}") = "Examples", "Examples", "{3897B9CF-F021-4E78-9984-B3B67F377AD0}"
EndProject
Project("{2150E333-8FDC-42A3-9474-1A3956D46DE8}") = "P2P", "P2P", "{A2D4A9E8-72A3-4DA1-9AC5-2C935D00ED86}"
EndProject
Project("{9A19103F-16F7-4668-BE54-9A1E7A4F7556}") = "GroupCallingChatBot.UnitTests", "examples\Group\ChatBotWithCalling\Solution\UnitTests\GroupCallingChatBot.UnitTests.csproj", "{9DD7FAF6-60E5-41B8-BCCA-62F144532F39}"
EndProject
Project("{2150E333-8FDC-42A3-9474-1A3956D46DE8}") = "GroupCalls", "GroupCalls", "{02176A33-D9F8-4F80-B67E-21F73E649E0E}"
EndProject
Project("{2150E333-8FDC-42A3-9474-1A3956D46DE8}") = "Tests", "Tests", "{272C9B11-A001-4726-9D65-AA3281148F25}"
EndProject
Project("{9A19103F-16F7-4668-BE54-9A1E7A4F7556}") = "CommonUtils", "lib\CommonUtils\CommonUtils.csproj", "{FA145292-2B9A-4107-9F5B-1307C26D628C}"
EndProject
Project("{9A19103F-16F7-4668-BE54-9A1E7A4F7556}") = "GroupCallingChatBot.Web", "examples\Group\ChatBotWithCalling\Solution\GroupCallingChatBot.Web\GroupCallingChatBot.Web.csproj", "{D600A3D2-D87D-4E0F-B680-DD99E8507D4F}"
EndProject
Project("{9A19103F-16F7-4668-BE54-9A1E7A4F7556}") = "PstnBot.FunctionApp", "examples\P2P\P2pPstnBot\PstnBot.FunctionApp\PstnBot.FunctionApp.csproj", "{023F1E91-5BC1-40BC-ACEC-8CD37DAA9754}"
EndProject
Project("{9A19103F-16F7-4668-BE54-9A1E7A4F7556}") = "PstnBot.Shared", "examples\P2P\P2pPstnBot\PstnBot.Shared\PstnBot.Shared.csproj", "{ED0F1C17-C3E0-4BA2-867F-F5AAB7B62E6C}"
EndProject
Project("{9A19103F-16F7-4668-BE54-9A1E7A4F7556}") = "CallingTestBot.FunctionApp", "examples\P2P\CallingTestBot\FunctionApp\CallingTestBot.FunctionApp.csproj", "{B77B155C-84B8-442B-A1A9-328745A800D8}"
EndProject
Project("{9A19103F-16F7-4668-BE54-9A1E7A4F7556}") = "CallingTestBot.UnitTests", "examples\P2P\CallingTestBot\UnitTests\CallingTestBot.UnitTests.csproj", "{8AF589C9-723D-4BD0-80C7-1B435800CC69}"
EndProject
Project("{9A19103F-16F7-4668-BE54-9A1E7A4F7556}") = "GroupCallingBot.FunctionApp", "examples\Group\GroupCallingBotFunctionsApp\GroupCallingBot.FunctionApp.csproj", "{AD753247-6EF6-42C1-A677-8BBFF235DC29}"
EndProject
Project("{2150E333-8FDC-42A3-9474-1A3956D46DE8}") = "Lib", "Lib", "{6B7625F8-844B-4705-AF7D-AF25D6F9807A}"
EndProject
Project("{9A19103F-16F7-4668-BE54-9A1E7A4F7556}") = "GroupCalls.Common", "examples\Group\GroupCalls.Common\GroupCalls.Common.csproj", "{7E806D56-7175-4CE5-8779-1A2770AB526E}"
EndProject
Global
	GlobalSection(SolutionConfigurationPlatforms) = preSolution
		Debug|Any CPU = Debug|Any CPU
		Release|Any CPU = Release|Any CPU
	EndGlobalSection
	GlobalSection(ProjectConfigurationPlatforms) = postSolution
		{41B58F3B-9F6C-48C5-B2E1-420C64FC270F}.Debug|Any CPU.ActiveCfg = Debug|Any CPU
		{41B58F3B-9F6C-48C5-B2E1-420C64FC270F}.Debug|Any CPU.Build.0 = Debug|Any CPU
		{41B58F3B-9F6C-48C5-B2E1-420C64FC270F}.Release|Any CPU.ActiveCfg = Release|Any CPU
		{41B58F3B-9F6C-48C5-B2E1-420C64FC270F}.Release|Any CPU.Build.0 = Release|Any CPU
		{3F9E66BE-A0E1-4A51-8FA6-18AC9188A420}.Debug|Any CPU.ActiveCfg = Debug|Any CPU
		{3F9E66BE-A0E1-4A51-8FA6-18AC9188A420}.Debug|Any CPU.Build.0 = Debug|Any CPU
		{3F9E66BE-A0E1-4A51-8FA6-18AC9188A420}.Release|Any CPU.ActiveCfg = Release|Any CPU
		{3F9E66BE-A0E1-4A51-8FA6-18AC9188A420}.Release|Any CPU.Build.0 = Release|Any CPU
		{2BCCDA31-DB8C-48C4-917B-91A6652B446E}.Debug|Any CPU.ActiveCfg = Debug|Any CPU
		{2BCCDA31-DB8C-48C4-917B-91A6652B446E}.Debug|Any CPU.Build.0 = Debug|Any CPU
		{2BCCDA31-DB8C-48C4-917B-91A6652B446E}.Release|Any CPU.ActiveCfg = Release|Any CPU
		{2BCCDA31-DB8C-48C4-917B-91A6652B446E}.Release|Any CPU.Build.0 = Release|Any CPU
		{9DD7FAF6-60E5-41B8-BCCA-62F144532F39}.Debug|Any CPU.ActiveCfg = Debug|Any CPU
		{9DD7FAF6-60E5-41B8-BCCA-62F144532F39}.Debug|Any CPU.Build.0 = Debug|Any CPU
		{9DD7FAF6-60E5-41B8-BCCA-62F144532F39}.Release|Any CPU.ActiveCfg = Release|Any CPU
		{9DD7FAF6-60E5-41B8-BCCA-62F144532F39}.Release|Any CPU.Build.0 = Release|Any CPU
		{FA145292-2B9A-4107-9F5B-1307C26D628C}.Debug|Any CPU.ActiveCfg = Debug|Any CPU
		{FA145292-2B9A-4107-9F5B-1307C26D628C}.Debug|Any CPU.Build.0 = Debug|Any CPU
		{FA145292-2B9A-4107-9F5B-1307C26D628C}.Release|Any CPU.ActiveCfg = Release|Any CPU
		{FA145292-2B9A-4107-9F5B-1307C26D628C}.Release|Any CPU.Build.0 = Release|Any CPU
		{D600A3D2-D87D-4E0F-B680-DD99E8507D4F}.Debug|Any CPU.ActiveCfg = Debug|Any CPU
		{D600A3D2-D87D-4E0F-B680-DD99E8507D4F}.Debug|Any CPU.Build.0 = Debug|Any CPU
		{D600A3D2-D87D-4E0F-B680-DD99E8507D4F}.Release|Any CPU.ActiveCfg = Release|Any CPU
		{D600A3D2-D87D-4E0F-B680-DD99E8507D4F}.Release|Any CPU.Build.0 = Release|Any CPU
		{023F1E91-5BC1-40BC-ACEC-8CD37DAA9754}.Debug|Any CPU.ActiveCfg = Debug|Any CPU
		{023F1E91-5BC1-40BC-ACEC-8CD37DAA9754}.Debug|Any CPU.Build.0 = Debug|Any CPU
		{023F1E91-5BC1-40BC-ACEC-8CD37DAA9754}.Release|Any CPU.ActiveCfg = Release|Any CPU
		{023F1E91-5BC1-40BC-ACEC-8CD37DAA9754}.Release|Any CPU.Build.0 = Release|Any CPU
		{ED0F1C17-C3E0-4BA2-867F-F5AAB7B62E6C}.Debug|Any CPU.ActiveCfg = Debug|Any CPU
		{ED0F1C17-C3E0-4BA2-867F-F5AAB7B62E6C}.Debug|Any CPU.Build.0 = Debug|Any CPU
		{ED0F1C17-C3E0-4BA2-867F-F5AAB7B62E6C}.Release|Any CPU.ActiveCfg = Release|Any CPU
		{ED0F1C17-C3E0-4BA2-867F-F5AAB7B62E6C}.Release|Any CPU.Build.0 = Release|Any CPU
		{B77B155C-84B8-442B-A1A9-328745A800D8}.Debug|Any CPU.ActiveCfg = Debug|Any CPU
		{B77B155C-84B8-442B-A1A9-328745A800D8}.Debug|Any CPU.Build.0 = Debug|Any CPU
		{B77B155C-84B8-442B-A1A9-328745A800D8}.Release|Any CPU.ActiveCfg = Release|Any CPU
		{B77B155C-84B8-442B-A1A9-328745A800D8}.Release|Any CPU.Build.0 = Release|Any CPU
		{8AF589C9-723D-4BD0-80C7-1B435800CC69}.Debug|Any CPU.ActiveCfg = Debug|Any CPU
		{8AF589C9-723D-4BD0-80C7-1B435800CC69}.Debug|Any CPU.Build.0 = Debug|Any CPU
		{8AF589C9-723D-4BD0-80C7-1B435800CC69}.Release|Any CPU.ActiveCfg = Release|Any CPU
		{8AF589C9-723D-4BD0-80C7-1B435800CC69}.Release|Any CPU.Build.0 = Release|Any CPU
		{AD753247-6EF6-42C1-A677-8BBFF235DC29}.Debug|Any CPU.ActiveCfg = Debug|Any CPU
		{AD753247-6EF6-42C1-A677-8BBFF235DC29}.Debug|Any CPU.Build.0 = Debug|Any CPU
		{AD753247-6EF6-42C1-A677-8BBFF235DC29}.Release|Any CPU.ActiveCfg = Release|Any CPU
		{AD753247-6EF6-42C1-A677-8BBFF235DC29}.Release|Any CPU.Build.0 = Release|Any CPU
		{7E806D56-7175-4CE5-8779-1A2770AB526E}.Debug|Any CPU.ActiveCfg = Debug|Any CPU
		{7E806D56-7175-4CE5-8779-1A2770AB526E}.Debug|Any CPU.Build.0 = Debug|Any CPU
		{7E806D56-7175-4CE5-8779-1A2770AB526E}.Release|Any CPU.ActiveCfg = Release|Any CPU
		{7E806D56-7175-4CE5-8779-1A2770AB526E}.Release|Any CPU.Build.0 = Release|Any CPU
	EndGlobalSection
	GlobalSection(SolutionProperties) = preSolution
		HideSolutionNode = FALSE
	EndGlobalSection
	GlobalSection(NestedProjects) = preSolution
		{41B58F3B-9F6C-48C5-B2E1-420C64FC270F} = {A2D4A9E8-72A3-4DA1-9AC5-2C935D00ED86}
		{3F9E66BE-A0E1-4A51-8FA6-18AC9188A420} = {272C9B11-A001-4726-9D65-AA3281148F25}
		{2BCCDA31-DB8C-48C4-917B-91A6652B446E} = {6B7625F8-844B-4705-AF7D-AF25D6F9807A}
		{A2D4A9E8-72A3-4DA1-9AC5-2C935D00ED86} = {3897B9CF-F021-4E78-9984-B3B67F377AD0}
		{9DD7FAF6-60E5-41B8-BCCA-62F144532F39} = {272C9B11-A001-4726-9D65-AA3281148F25}
		{02176A33-D9F8-4F80-B67E-21F73E649E0E} = {3897B9CF-F021-4E78-9984-B3B67F377AD0}
		{FA145292-2B9A-4107-9F5B-1307C26D628C} = {6B7625F8-844B-4705-AF7D-AF25D6F9807A}
		{D600A3D2-D87D-4E0F-B680-DD99E8507D4F} = {02176A33-D9F8-4F80-B67E-21F73E649E0E}
		{023F1E91-5BC1-40BC-ACEC-8CD37DAA9754} = {A2D4A9E8-72A3-4DA1-9AC5-2C935D00ED86}
		{ED0F1C17-C3E0-4BA2-867F-F5AAB7B62E6C} = {A2D4A9E8-72A3-4DA1-9AC5-2C935D00ED86}
		{B77B155C-84B8-442B-A1A9-328745A800D8} = {A2D4A9E8-72A3-4DA1-9AC5-2C935D00ED86}
		{8AF589C9-723D-4BD0-80C7-1B435800CC69} = {272C9B11-A001-4726-9D65-AA3281148F25}
		{AD753247-6EF6-42C1-A677-8BBFF235DC29} = {02176A33-D9F8-4F80-B67E-21F73E649E0E}
		{7E806D56-7175-4CE5-8779-1A2770AB526E} = {02176A33-D9F8-4F80-B67E-21F73E649E0E}
	EndGlobalSection
	GlobalSection(ExtensibilityGlobals) = postSolution
		SolutionGuid = {FE9A9A1A-CC56-45F3-8647-06996C708164}
	EndGlobalSection
EndGlobal
